{
  "name": "abap-benchmark-tools",
  "version": "1.0.0",
  "lockfileVersion": 3,
  "requires": true,
  "packages": {
    "": {
      "name": "abap-benchmark-tools",
      "version": "1.0.0",
      "dependencies": {
        "@abaplint/cli": "^2.111.0"
      }
    },
    "node_modules/@abaplint/cli": {
      "version": "2.115.18",
      "resolved": "https://registry.npmjs.org/@abaplint/cli/-/cli-2.115.18.tgz",
      "integrity": "sha512-jvy5dhwHYj1sPjlMdxmDjBRTLmZWZCdALiHAJaslmyzDOtZLT+7iiqFba1ULL6ZYf9aatTSTfCzuoF9H50TgXA==",
      "license": "MIT",
      "bin": {
        "abaplint": "abaplint"
      },
      "engines": {
        "node": ">=12.0.0"
      },
      "funding": {
        "url": "https://github.com/sponsors/larshp"
      }
    }
  }
}
